// !$*UTF8*$!
{
	archiveVersion = 1;
	classes = {
	};
	objectVersion = 50;
	objects = {

/* Begin PBXBuildFile section */
		0418203322FD1A2700EBBF33 /* Facture.swift in Sources */ = {isa = PBXBuildFile; fileRef = 0418203222FD1A2700EBBF33 /* Facture.swift */; };
		0418203622FD1B1E00EBBF33 /* FacturesViewController.swift in Sources */ = {isa = PBXBuildFile; fileRef = 0418203422FD1B1E00EBBF33 /* FacturesViewController.swift */; };
		0418203722FD1B1E00EBBF33 /* FacturesViewController.xib in Resources */ = {isa = PBXBuildFile; fileRef = 0418203522FD1B1E00EBBF33 /* FacturesViewController.xib */; };
		041DCC1A22F6958100AB68A6 /* Client.swift in Sources */ = {isa = PBXBuildFile; fileRef = 041DCC1922F6958100AB68A6 /* Client.swift */; };
		041DCC1D22F695AC00AB68A6 /* ClientsViewController.swift in Sources */ = {isa = PBXBuildFile; fileRef = 041DCC1B22F695AC00AB68A6 /* ClientsViewController.swift */; };
		041DCC1E22F695AC00AB68A6 /* ClientsViewController.xib in Resources */ = {isa = PBXBuildFile; fileRef = 041DCC1C22F695AC00AB68A6 /* ClientsViewController.xib */; };
		041DCC2122F696F400AB68A6 /* ConsommablesViewController.swift in Sources */ = {isa = PBXBuildFile; fileRef = 041DCC1F22F696F400AB68A6 /* ConsommablesViewController.swift */; };
		041DCC2222F696F400AB68A6 /* ConsommablesViewController.xib in Resources */ = {isa = PBXBuildFile; fileRef = 041DCC2022F696F400AB68A6 /* ConsommablesViewController.xib */; };
		041DCC2422F6993300AB68A6 /* Consommable.swift in Sources */ = {isa = PBXBuildFile; fileRef = 041DCC2322F6993300AB68A6 /* Consommable.swift */; };
		0430001D22F5131B00A54D6E /* AppDelegate.swift in Sources */ = {isa = PBXBuildFile; fileRef = 0430001C22F5131B00A54D6E /* AppDelegate.swift */; };
		0430001F22F5131B00A54D6E /* ViewController.swift in Sources */ = {isa = PBXBuildFile; fileRef = 0430001E22F5131B00A54D6E /* ViewController.swift */; };
		0430002422F5131B00A54D6E /* Assets.xcassets in Resources */ = {isa = PBXBuildFile; fileRef = 0430002322F5131B00A54D6E /* Assets.xcassets */; };
		0430002722F5131B00A54D6E /* Main.storyboard in Resources */ = {isa = PBXBuildFile; fileRef = 0430002522F5131B00A54D6E /* Main.storyboard */; };
		0430003422F5174100A54D6E /* WindowController.swift in Sources */ = {isa = PBXBuildFile; fileRef = 0430003322F5174100A54D6E /* WindowController.swift */; };
		0430003622F51A2800A54D6E /* MainWindow.swift in Sources */ = {isa = PBXBuildFile; fileRef = 0430003522F51A2800A54D6E /* MainWindow.swift */; };
		0430003E22F5381200A54D6E /* OutlineViewController.swift in Sources */ = {isa = PBXBuildFile; fileRef = 0430003D22F5381200A54D6E /* OutlineViewController.swift */; };
		0430004022F53B4200A54D6E /* OutlineView.swift in Sources */ = {isa = PBXBuildFile; fileRef = 0430003F22F53B4200A54D6E /* OutlineView.swift */; };
		0442B26C22F932660051D91B /* MasseSalariale.swift in Sources */ = {isa = PBXBuildFile; fileRef = 0442B26B22F932660051D91B /* MasseSalariale.swift */; };
		0442B26F22F934E70051D91B /* MassesSalarialesViewController.swift in Sources */ = {isa = PBXBuildFile; fileRef = 0442B26D22F934E70051D91B /* MassesSalarialesViewController.swift */; };
		0442B27022F934E70051D91B /* MassesSalarialesViewController.xib in Resources */ = {isa = PBXBuildFile; fileRef = 0442B26E22F934E70051D91B /* MassesSalarialesViewController.xib */; };
		047B029022FBE98D0074585E /* Commande.swift in Sources */ = {isa = PBXBuildFile; fileRef = 047B028F22FBE98D0074585E /* Commande.swift */; };
		047B029C22FBEF560074585E /* CommandesViewController.swift in Sources */ = {isa = PBXBuildFile; fileRef = 047B029A22FBEF560074585E /* CommandesViewController.swift */; };
		047B029D22FBEF560074585E /* CommandesViewController.xib in Resources */ = {isa = PBXBuildFile; fileRef = 047B029B22FBEF560074585E /* CommandesViewController.xib */; };
		047B029F22FC08240074585E /* EtatDeBesoin.swift in Sources */ = {isa = PBXBuildFile; fileRef = 047B029E22FC08240074585E /* EtatDeBesoin.swift */; };
		047B02A222FC0C730074585E /* EtatDeBesoinViewController.swift in Sources */ = {isa = PBXBuildFile; fileRef = 047B02A022FC0C730074585E /* EtatDeBesoinViewController.swift */; };
		047B02A322FC0C730074585E /* EtatDeBesoinViewController.xib in Resources */ = {isa = PBXBuildFile; fileRef = 047B02A122FC0C730074585E /* EtatDeBesoinViewController.xib */; };
		0495D42922FA82170026A088 /* Fournisseur.swift in Sources */ = {isa = PBXBuildFile; fileRef = 0495D42822FA82170026A088 /* Fournisseur.swift */; };
		0495D42C22FA826A0026A088 /* FournisseursViewController.swift in Sources */ = {isa = PBXBuildFile; fileRef = 0495D42A22FA826A0026A088 /* FournisseursViewController.swift */; };
		0495D42D22FA826A0026A088 /* FournisseursViewController.xib in Resources */ = {isa = PBXBuildFile; fileRef = 0495D42B22FA826A0026A088 /* FournisseursViewController.xib */; };
		0495D42F22FA92B80026A088 /* Salarie.swift in Sources */ = {isa = PBXBuildFile; fileRef = 0495D42E22FA92B70026A088 /* Salarie.swift */; };
		0495D43222FABB6C0026A088 /* SalariesViewController.swift in Sources */ = {isa = PBXBuildFile; fileRef = 0495D43022FABB6C0026A088 /* SalariesViewController.swift */; };
		0495D43322FABB6C0026A088 /* SalariesViewController.xib in Resources */ = {isa = PBXBuildFile; fileRef = 0495D43122FABB6C0026A088 /* SalariesViewController.xib */; };
		0499AD4B230271F600E356A4 /* Protocols.swift in Sources */ = {isa = PBXBuildFile; fileRef = 0499AD4A230271F600E356A4 /* Protocols.swift */; };
		0499AD4D2302762600E356A4 /* Gache.swift in Sources */ = {isa = PBXBuildFile; fileRef = 0499AD4C2302762600E356A4 /* Gache.swift */; };
		049C244B22F8026500FF3F0A /* JourTravaille.swift in Sources */ = {isa = PBXBuildFile; fileRef = 049C244A22F8026500FF3F0A /* JourTravaille.swift */; };
		049C244E22F8032400FF3F0A /* JoursTravaillesViewController.swift in Sources */ = {isa = PBXBuildFile; fileRef = 049C244C22F8032400FF3F0A /* JoursTravaillesViewController.swift */; };
		049C244F22F8032400FF3F0A /* JoursTravaillesViewController.xib in Resources */ = {isa = PBXBuildFile; fileRef = 049C244D22F8032400FF3F0A /* JoursTravaillesViewController.xib */; };
		04A9A29922F9498C001647EE /* Parution.swift in Sources */ = {isa = PBXBuildFile; fileRef = 04A9A29822F9498C001647EE /* Parution.swift */; };
		04A9A29C22F949D5001647EE /* ParutionsViewController.swift in Sources */ = {isa = PBXBuildFile; fileRef = 04A9A29A22F949D5001647EE /* ParutionsViewController.swift */; };
		04A9A29D22F949D5001647EE /* ParutionsViewController.xib in Resources */ = {isa = PBXBuildFile; fileRef = 04A9A29B22F949D5001647EE /* ParutionsViewController.xib */; };
		04B7E27F22F6A69B005870FF /* Imprimerie.xcdatamodeld in Sources */ = {isa = PBXBuildFile; fileRef = 04B7E27D22F6A69B005870FF /* Imprimerie.xcdatamodeld */; };
		04B7E28122F6DB51005870FF /* Extensions.swift in Sources */ = {isa = PBXBuildFile; fileRef = 04B7E28022F6DB51005870FF /* Extensions.swift */; };
/* End PBXBuildFile section */

/* Begin PBXFileReference section */
		0418203222FD1A2700EBBF33 /* Facture.swift */ = {isa = PBXFileReference; lastKnownFileType = sourcecode.swift; path = Facture.swift; sourceTree = "<group>"; };
		0418203422FD1B1E00EBBF33 /* FacturesViewController.swift */ = {isa = PBXFileReference; lastKnownFileType = sourcecode.swift; path = FacturesViewController.swift; sourceTree = "<group>"; };
		0418203522FD1B1E00EBBF33 /* FacturesViewController.xib */ = {isa = PBXFileReference; lastKnownFileType = file.xib; path = FacturesViewController.xib; sourceTree = "<group>"; };
		041DCC1922F6958100AB68A6 /* Client.swift */ = {isa = PBXFileReference; fileEncoding = 4; lastKnownFileType = sourcecode.swift; path = Client.swift; sourceTree = "<group>"; };
		041DCC1B22F695AC00AB68A6 /* ClientsViewController.swift */ = {isa = PBXFileReference; lastKnownFileType = sourcecode.swift; path = ClientsViewController.swift; sourceTree = "<group>"; };
		041DCC1C22F695AC00AB68A6 /* ClientsViewController.xib */ = {isa = PBXFileReference; lastKnownFileType = file.xib; path = ClientsViewController.xib; sourceTree = "<group>"; };
		041DCC1F22F696F400AB68A6 /* ConsommablesViewController.swift */ = {isa = PBXFileReference; lastKnownFileType = sourcecode.swift; path = ConsommablesViewController.swift; sourceTree = "<group>"; };
		041DCC2022F696F400AB68A6 /* ConsommablesViewController.xib */ = {isa = PBXFileReference; lastKnownFileType = file.xib; path = ConsommablesViewController.xib; sourceTree = "<group>"; };
		041DCC2322F6993300AB68A6 /* Consommable.swift */ = {isa = PBXFileReference; lastKnownFileType = sourcecode.swift; path = Consommable.swift; sourceTree = "<group>"; };
		0430001922F5131B00A54D6E /* Imprimerie.app */ = {isa = PBXFileReference; explicitFileType = wrapper.application; includeInIndex = 0; path = Imprimerie.app; sourceTree = BUILT_PRODUCTS_DIR; };
		0430001C22F5131B00A54D6E /* AppDelegate.swift */ = {isa = PBXFileReference; lastKnownFileType = sourcecode.swift; path = AppDelegate.swift; sourceTree = "<group>"; };
		0430001E22F5131B00A54D6E /* ViewController.swift */ = {isa = PBXFileReference; lastKnownFileType = sourcecode.swift; path = ViewController.swift; sourceTree = "<group>"; };
		0430002322F5131B00A54D6E /* Assets.xcassets */ = {isa = PBXFileReference; lastKnownFileType = folder.assetcatalog; path = Assets.xcassets; sourceTree = "<group>"; };
		0430002622F5131B00A54D6E /* Base */ = {isa = PBXFileReference; lastKnownFileType = file.storyboard; name = Base; path = Base.lproj/Main.storyboard; sourceTree = "<group>"; };
		0430002822F5131B00A54D6E /* Info.plist */ = {isa = PBXFileReference; lastKnownFileType = text.plist.xml; path = Info.plist; sourceTree = "<group>"; };
		0430002922F5131B00A54D6E /* Imprimerie.entitlements */ = {isa = PBXFileReference; lastKnownFileType = text.plist.entitlements; path = Imprimerie.entitlements; sourceTree = "<group>"; };
		0430003322F5174100A54D6E /* WindowController.swift */ = {isa = PBXFileReference; lastKnownFileType = sourcecode.swift; path = WindowController.swift; sourceTree = "<group>"; };
		0430003522F51A2800A54D6E /* MainWindow.swift */ = {isa = PBXFileReference; lastKnownFileType = sourcecode.swift; path = MainWindow.swift; sourceTree = "<group>"; };
		0430003D22F5381200A54D6E /* OutlineViewController.swift */ = {isa = PBXFileReference; lastKnownFileType = sourcecode.swift; path = OutlineViewController.swift; sourceTree = "<group>"; wrapsLines = 0; };
		0430003F22F53B4200A54D6E /* OutlineView.swift */ = {isa = PBXFileReference; lastKnownFileType = sourcecode.swift; path = OutlineView.swift; sourceTree = "<group>"; };
		0442B26B22F932660051D91B /* MasseSalariale.swift */ = {isa = PBXFileReference; lastKnownFileType = sourcecode.swift; path = MasseSalariale.swift; sourceTree = "<group>"; };
		0442B26D22F934E70051D91B /* MassesSalarialesViewController.swift */ = {isa = PBXFileReference; lastKnownFileType = sourcecode.swift; path = MassesSalarialesViewController.swift; sourceTree = "<group>"; };
		0442B26E22F934E70051D91B /* MassesSalarialesViewController.xib */ = {isa = PBXFileReference; lastKnownFileType = file.xib; path = MassesSalarialesViewController.xib; sourceTree = "<group>"; };
		047B028F22FBE98D0074585E /* Commande.swift */ = {isa = PBXFileReference; lastKnownFileType = sourcecode.swift; path = Commande.swift; sourceTree = "<group>"; };
		047B029A22FBEF560074585E /* CommandesViewController.swift */ = {isa = PBXFileReference; lastKnownFileType = sourcecode.swift; path = CommandesViewController.swift; sourceTree = "<group>"; };
		047B029B22FBEF560074585E /* CommandesViewController.xib */ = {isa = PBXFileReference; lastKnownFileType = file.xib; path = CommandesViewController.xib; sourceTree = "<group>"; };
		047B029E22FC08240074585E /* EtatDeBesoin.swift */ = {isa = PBXFileReference; lastKnownFileType = sourcecode.swift; path = EtatDeBesoin.swift; sourceTree = "<group>"; };
		047B02A022FC0C730074585E /* EtatDeBesoinViewController.swift */ = {isa = PBXFileReference; lastKnownFileType = sourcecode.swift; path = EtatDeBesoinViewController.swift; sourceTree = "<group>"; };
		047B02A122FC0C730074585E /* EtatDeBesoinViewController.xib */ = {isa = PBXFileReference; lastKnownFileType = file.xib; path = EtatDeBesoinViewController.xib; sourceTree = "<group>"; };
		0495D42822FA82170026A088 /* Fournisseur.swift */ = {isa = PBXFileReference; lastKnownFileType = sourcecode.swift; path = Fournisseur.swift; sourceTree = "<group>"; };
		0495D42A22FA826A0026A088 /* FournisseursViewController.swift */ = {isa = PBXFileReference; lastKnownFileType = sourcecode.swift; path = FournisseursViewController.swift; sourceTree = "<group>"; };
		0495D42B22FA826A0026A088 /* FournisseursViewController.xib */ = {isa = PBXFileReference; lastKnownFileType = file.xib; path = FournisseursViewController.xib; sourceTree = "<group>"; };
		0495D42E22FA92B70026A088 /* Salarie.swift */ = {isa = PBXFileReference; lastKnownFileType = sourcecode.swift; path = Salarie.swift; sourceTree = "<group>"; };
		0495D43022FABB6C0026A088 /* SalariesViewController.swift */ = {isa = PBXFileReference; lastKnownFileType = sourcecode.swift; path = SalariesViewController.swift; sourceTree = "<group>"; };
		0495D43122FABB6C0026A088 /* SalariesViewController.xib */ = {isa = PBXFileReference; lastKnownFileType = file.xib; path = SalariesViewController.xib; sourceTree = "<group>"; };
		0499AD4A230271F600E356A4 /* Protocols.swift */ = {isa = PBXFileReference; lastKnownFileType = sourcecode.swift; path = Protocols.swift; sourceTree = "<group>"; };
		0499AD4C2302762600E356A4 /* Gache.swift */ = {isa = PBXFileReference; lastKnownFileType = sourcecode.swift; path = Gache.swift; sourceTree = "<group>"; };
		049C244A22F8026500FF3F0A /* JourTravaille.swift */ = {isa = PBXFileReference; lastKnownFileType = sourcecode.swift; path = JourTravaille.swift; sourceTree = "<group>"; };
		049C244C22F8032400FF3F0A /* JoursTravaillesViewController.swift */ = {isa = PBXFileReference; lastKnownFileType = sourcecode.swift; path = JoursTravaillesViewController.swift; sourceTree = "<group>"; };
		049C244D22F8032400FF3F0A /* JoursTravaillesViewController.xib */ = {isa = PBXFileReference; lastKnownFileType = file.xib; path = JoursTravaillesViewController.xib; sourceTree = "<group>"; };
		04A9A29822F9498C001647EE /* Parution.swift */ = {isa = PBXFileReference; lastKnownFileType = sourcecode.swift; path = Parution.swift; sourceTree = "<group>"; };
		04A9A29A22F949D5001647EE /* ParutionsViewController.swift */ = {isa = PBXFileReference; lastKnownFileType = sourcecode.swift; path = ParutionsViewController.swift; sourceTree = "<group>"; };
		04A9A29B22F949D5001647EE /* ParutionsViewController.xib */ = {isa = PBXFileReference; lastKnownFileType = file.xib; path = ParutionsViewController.xib; sourceTree = "<group>"; };
		04B7E27E22F6A69B005870FF /* Imprimerie.xcdatamodel */ = {isa = PBXFileReference; lastKnownFileType = wrapper.xcdatamodel; path = Imprimerie.xcdatamodel; sourceTree = "<group>"; };
		04B7E28022F6DB51005870FF /* Extensions.swift */ = {isa = PBXFileReference; lastKnownFileType = sourcecode.swift; path = Extensions.swift; sourceTree = "<group>"; };
/* End PBXFileReference section */

/* Begin PBXFrameworksBuildPhase section */
		0430001622F5131A00A54D6E /* Frameworks */ = {
			isa = PBXFrameworksBuildPhase;
			buildActionMask = 2147483647;
			files = (
			);
			runOnlyForDeploymentPostprocessing = 0;
		};
/* End PBXFrameworksBuildPhase section */

/* Begin PBXGroup section */
		0430001022F5131A00A54D6E = {
			isa = PBXGroup;
			children = (
				0430001B22F5131B00A54D6E /* Imprimerie */,
				0430001A22F5131B00A54D6E /* Products */,
			);
			sourceTree = "<group>";
			wrapsLines = 0;
		};
		0430001A22F5131B00A54D6E /* Products */ = {
			isa = PBXGroup;
			children = (
				0430001922F5131B00A54D6E /* Imprimerie.app */,
			);
			name = Products;
			sourceTree = "<group>";
		};
		0430001B22F5131B00A54D6E /* Imprimerie */ = {
			isa = PBXGroup;
			children = (
				0430003222F513AF00A54D6E /* Model */,
				0430003122F5139200A54D6E /* View */,
				0430003022F5137900A54D6E /* Controller */,
				0430002F22F5132C00A54D6E /* Supporting Files */,
			);
			path = Imprimerie;
			sourceTree = "<group>";
		};
		0430002F22F5132C00A54D6E /* Supporting Files */ = {
			isa = PBXGroup;
			children = (
				04B7E28022F6DB51005870FF /* Extensions.swift */,
				0430002322F5131B00A54D6E /* Assets.xcassets */,
				0430002922F5131B00A54D6E /* Imprimerie.entitlements */,
				0430002822F5131B00A54D6E /* Info.plist */,
			);
			path = "Supporting Files";
			sourceTree = "<group>";
		};
		0430003022F5137900A54D6E /* Controller */ = {
			isa = PBXGroup;
			children = (
				0430001C22F5131B00A54D6E /* AppDelegate.swift */,
				0430003322F5174100A54D6E /* WindowController.swift */,
				0430001E22F5131B00A54D6E /* ViewController.swift */,
				0430003D22F5381200A54D6E /* OutlineViewController.swift */,
				047B029922FBED2B0074585E /* Parametres */,
				047B029822FBED170074585E /* Personnes */,
				047B029722FBED0C0074585E /* Imprimerie */,
			);
			path = Controller;
			sourceTree = "<group>";
		};
		0430003122F5139200A54D6E /* View */ = {
			isa = PBXGroup;
			children = (
				0430002522F5131B00A54D6E /* Main.storyboard */,
				047B029622FBECEF0074585E /* Parametres */,
				047B029522FBECDE0074585E /* Personnes */,
				047B029422FBECD50074585E /* Imprimerie */,
			);
			path = View;
			sourceTree = "<group>";
		};
		0430003222F513AF00A54D6E /* Model */ = {
			isa = PBXGroup;
			children = (
				04B7E27D22F6A69B005870FF /* Imprimerie.xcdatamodeld */,
				0430003522F51A2800A54D6E /* MainWindow.swift */,
				0430003F22F53B4200A54D6E /* OutlineView.swift */,
				0499AD4A230271F600E356A4 /* Protocols.swift */,
				047B029122FBEC510074585E /* Parametres */,
				047B029222FBEC800074585E /* Personnes */,
				047B029322FBEC9E0074585E /* Imprimerie */,
			);
			path = Model;
			sourceTree = "<group>";
		};
		047B029122FBEC510074585E /* Parametres */ = {
			isa = PBXGroup;
			children = (
				041DCC2322F6993300AB68A6 /* Consommable.swift */,
				0499AD4C2302762600E356A4 /* Gache.swift */,
				049C244A22F8026500FF3F0A /* JourTravaille.swift */,
				0442B26B22F932660051D91B /* MasseSalariale.swift */,
				04A9A29822F9498C001647EE /* Parution.swift */,
			);
			path = Parametres;
			sourceTree = "<group>";
		};
		047B029222FBEC800074585E /* Personnes */ = {
			isa = PBXGroup;
			children = (
				041DCC1922F6958100AB68A6 /* Client.swift */,
				0495D42822FA82170026A088 /* Fournisseur.swift */,
				0495D42E22FA92B70026A088 /* Salarie.swift */,
			);
			path = Personnes;
			sourceTree = "<group>";
		};
		047B029322FBEC9E0074585E /* Imprimerie */ = {
			isa = PBXGroup;
			children = (
				047B028F22FBE98D0074585E /* Commande.swift */,
				047B029E22FC08240074585E /* EtatDeBesoin.swift */,
				0418203222FD1A2700EBBF33 /* Facture.swift */,
			);
			path = Imprimerie;
			sourceTree = "<group>";
		};
		047B029422FBECD50074585E /* Imprimerie */ = {
			isa = PBXGroup;
			children = (
				047B029B22FBEF560074585E /* CommandesViewController.xib */,
				047B02A122FC0C730074585E /* EtatDeBesoinViewController.xib */,
				0418203522FD1B1E00EBBF33 /* FacturesViewController.xib */,
			);
			path = Imprimerie;
			sourceTree = "<group>";
		};
		047B029522FBECDE0074585E /* Personnes */ = {
			isa = PBXGroup;
			children = (
				041DCC1C22F695AC00AB68A6 /* ClientsViewController.xib */,
				0495D42B22FA826A0026A088 /* FournisseursViewController.xib */,
				0495D43122FABB6C0026A088 /* SalariesViewController.xib */,
			);
			path = Personnes;
			sourceTree = "<group>";
		};
		047B029622FBECEF0074585E /* Parametres */ = {
			isa = PBXGroup;
			children = (
				041DCC2022F696F400AB68A6 /* ConsommablesViewController.xib */,
				049C244D22F8032400FF3F0A /* JoursTravaillesViewController.xib */,
				0442B26E22F934E70051D91B /* MassesSalarialesViewController.xib */,
				04A9A29B22F949D5001647EE /* ParutionsViewController.xib */,
			);
			path = Parametres;
			sourceTree = "<group>";
		};
		047B029722FBED0C0074585E /* Imprimerie */ = {
			isa = PBXGroup;
			children = (
				047B029A22FBEF560074585E /* CommandesViewController.swift */,
				047B02A022FC0C730074585E /* EtatDeBesoinViewController.swift */,
				0418203422FD1B1E00EBBF33 /* FacturesViewController.swift */,
			);
			path = Imprimerie;
			sourceTree = "<group>";
		};
		047B029822FBED170074585E /* Personnes */ = {
			isa = PBXGroup;
			children = (
				041DCC1B22F695AC00AB68A6 /* ClientsViewController.swift */,
				0495D42A22FA826A0026A088 /* FournisseursViewController.swift */,
				0495D43022FABB6C0026A088 /* SalariesViewController.swift */,
			);
			path = Personnes;
			sourceTree = "<group>";
		};
		047B029922FBED2B0074585E /* Parametres */ = {
			isa = PBXGroup;
			children = (
				041DCC1F22F696F400AB68A6 /* ConsommablesViewController.swift */,
				049C244C22F8032400FF3F0A /* JoursTravaillesViewController.swift */,
				0442B26D22F934E70051D91B /* MassesSalarialesViewController.swift */,
				04A9A29A22F949D5001647EE /* ParutionsViewController.swift */,
			);
			path = Parametres;
			sourceTree = "<group>";
		};
/* End PBXGroup section */

/* Begin PBXNativeTarget section */
		0430001822F5131A00A54D6E /* Imprimerie */ = {
			isa = PBXNativeTarget;
			buildConfigurationList = 0430002C22F5131B00A54D6E /* Build configuration list for PBXNativeTarget "Imprimerie" */;
			buildPhases = (
				0430001522F5131A00A54D6E /* Sources */,
				0430001622F5131A00A54D6E /* Frameworks */,
				0430001722F5131A00A54D6E /* Resources */,
			);
			buildRules = (
			);
			dependencies = (
			);
			name = Imprimerie;
			productName = Imprimerie;
			productReference = 0430001922F5131B00A54D6E /* Imprimerie.app */;
			productType = "com.apple.product-type.application";
		};
/* End PBXNativeTarget section */

/* Begin PBXProject section */
		0430001122F5131A00A54D6E /* Project object */ = {
			isa = PBXProject;
			attributes = {
				LastSwiftUpdateCheck = 1030;
				LastUpgradeCheck = 1030;
				ORGANIZATIONNAME = MAC;
				TargetAttributes = {
					0430001822F5131A00A54D6E = {
						CreatedOnToolsVersion = 10.3;
						SystemCapabilities = {
							com.apple.Sandbox = {
								enabled = 1;
							};
						};
					};
				};
			};
			buildConfigurationList = 0430001422F5131A00A54D6E /* Build configuration list for PBXProject "Imprimerie" */;
			compatibilityVersion = "Xcode 9.3";
			developmentRegion = en;
			hasScannedForEncodings = 0;
			knownRegions = (
				en,
				Base,
			);
			mainGroup = 0430001022F5131A00A54D6E;
			productRefGroup = 0430001A22F5131B00A54D6E /* Products */;
			projectDirPath = "";
			projectRoot = "";
			targets = (
				0430001822F5131A00A54D6E /* Imprimerie */,
			);
		};
/* End PBXProject section */

/* Begin PBXResourcesBuildPhase section */
		0430001722F5131A00A54D6E /* Resources */ = {
			isa = PBXResourcesBuildPhase;
			buildActionMask = 2147483647;
			files = (
				047B029D22FBEF560074585E /* CommandesViewController.xib in Resources */,
				041DCC1E22F695AC00AB68A6 /* ClientsViewController.xib in Resources */,
				0495D43322FABB6C0026A088 /* SalariesViewController.xib in Resources */,
				041DCC2222F696F400AB68A6 /* ConsommablesViewController.xib in Resources */,
				04A9A29D22F949D5001647EE /* ParutionsViewController.xib in Resources */,
				0430002422F5131B00A54D6E /* Assets.xcassets in Resources */,
				0442B27022F934E70051D91B /* MassesSalarialesViewController.xib in Resources */,
				0418203722FD1B1E00EBBF33 /* FacturesViewController.xib in Resources */,
				0430002722F5131B00A54D6E /* Main.storyboard in Resources */,
				0495D42D22FA826A0026A088 /* FournisseursViewController.xib in Resources */,
				049C244F22F8032400FF3F0A /* JoursTravaillesViewController.xib in Resources */,
				047B02A322FC0C730074585E /* EtatDeBesoinViewController.xib in Resources */,
			);
			runOnlyForDeploymentPostprocessing = 0;
		};
/* End PBXResourcesBuildPhase section */

/* Begin PBXSourcesBuildPhase section */
		0430001522F5131A00A54D6E /* Sources */ = {
			isa = PBXSourcesBuildPhase;
			buildActionMask = 2147483647;
			files = (
				04A9A29922F9498C001647EE /* Parution.swift in Sources */,
				041DCC1D22F695AC00AB68A6 /* ClientsViewController.swift in Sources */,
				04B7E27F22F6A69B005870FF /* Imprimerie.xcdatamodeld in Sources */,
				0430001F22F5131B00A54D6E /* ViewController.swift in Sources */,
				041DCC2122F696F400AB68A6 /* ConsommablesViewController.swift in Sources */,
				0442B26C22F932660051D91B /* MasseSalariale.swift in Sources */,
				0499AD4D2302762600E356A4 /* Gache.swift in Sources */,
				0495D42F22FA92B80026A088 /* Salarie.swift in Sources */,
				0495D42922FA82170026A088 /* Fournisseur.swift in Sources */,
				0430003E22F5381200A54D6E /* OutlineViewController.swift in Sources */,
				0418203322FD1A2700EBBF33 /* Facture.swift in Sources */,
				049C244E22F8032400FF3F0A /* JoursTravaillesViewController.swift in Sources */,
				04A9A29C22F949D5001647EE /* ParutionsViewController.swift in Sources */,
				049C244B22F8026500FF3F0A /* JourTravaille.swift in Sources */,
				047B02A222FC0C730074585E /* EtatDeBesoinViewController.swift in Sources */,
				0430003422F5174100A54D6E /* WindowController.swift in Sources */,
				0430003622F51A2800A54D6E /* MainWindow.swift in Sources */,
				047B029C22FBEF560074585E /* CommandesViewController.swift in Sources */,
				047B029022FBE98D0074585E /* Commande.swift in Sources */,
				04B7E28122F6DB51005870FF /* Extensions.swift in Sources */,
				0418203622FD1B1E00EBBF33 /* FacturesViewController.swift in Sources */,
				0442B26F22F934E70051D91B /* MassesSalarialesViewController.swift in Sources */,
				041DCC2422F6993300AB68A6 /* Consommable.swift in Sources */,
				047B029F22FC08240074585E /* EtatDeBesoin.swift in Sources */,
				0495D42C22FA826A0026A088 /* FournisseursViewController.swift in Sources */,
				0499AD4B230271F600E356A4 /* Protocols.swift in Sources */,
				0430001D22F5131B00A54D6E /* AppDelegate.swift in Sources */,
				041DCC1A22F6958100AB68A6 /* Client.swift in Sources */,
				0495D43222FABB6C0026A088 /* SalariesViewController.swift in Sources */,
				0430004022F53B4200A54D6E /* OutlineView.swift in Sources */,
			);
			runOnlyForDeploymentPostprocessing = 0;
		};
/* End PBXSourcesBuildPhase section */

/* Begin PBXVariantGroup section */
		0430002522F5131B00A54D6E /* Main.storyboard */ = {
			isa = PBXVariantGroup;
			children = (
				0430002622F5131B00A54D6E /* Base */,
			);
			name = Main.storyboard;
			sourceTree = "<group>";
		};
/* End PBXVariantGroup section */

/* Begin XCBuildConfiguration section */
		0430002A22F5131B00A54D6E /* Debug */ = {
			isa = XCBuildConfiguration;
			buildSettings = {
				ALWAYS_SEARCH_USER_PATHS = NO;
				CLANG_ANALYZER_NONNULL = YES;
				CLANG_ANALYZER_NUMBER_OBJECT_CONVERSION = YES_AGGRESSIVE;
				CLANG_CXX_LANGUAGE_STANDARD = "gnu++14";
				CLANG_CXX_LIBRARY = "libc++";
				CLANG_ENABLE_MODULES = YES;
				CLANG_ENABLE_OBJC_ARC = YES;
				CLANG_ENABLE_OBJC_WEAK = YES;
				CLANG_WARN_BLOCK_CAPTURE_AUTORELEASING = YES;
				CLANG_WARN_BOOL_CONVERSION = YES;
				CLANG_WARN_COMMA = YES;
				CLANG_WARN_CONSTANT_CONVERSION = YES;
				CLANG_WARN_DEPRECATED_OBJC_IMPLEMENTATIONS = YES;
				CLANG_WARN_DIRECT_OBJC_ISA_USAGE = YES_ERROR;
				CLANG_WARN_DOCUMENTATION_COMMENTS = YES;
				CLANG_WARN_EMPTY_BODY = YES;
				CLANG_WARN_ENUM_CONVERSION = YES;
				CLANG_WARN_INFINITE_RECURSION = YES;
				CLANG_WARN_INT_CONVERSION = YES;
				CLANG_WARN_NON_LITERAL_NULL_CONVERSION = YES;
				CLANG_WARN_OBJC_IMPLICIT_RETAIN_SELF = YES;
				CLANG_WARN_OBJC_LITERAL_CONVERSION = YES;
				CLANG_WARN_OBJC_ROOT_CLASS = YES_ERROR;
				CLANG_WARN_RANGE_LOOP_ANALYSIS = YES;
				CLANG_WARN_STRICT_PROTOTYPES = YES;
				CLANG_WARN_SUSPICIOUS_MOVE = YES;
				CLANG_WARN_UNGUARDED_AVAILABILITY = YES_AGGRESSIVE;
				CLANG_WARN_UNREACHABLE_CODE = YES;
				CLANG_WARN__DUPLICATE_METHOD_MATCH = YES;
				CODE_SIGN_IDENTITY = "Mac Developer";
				COPY_PHASE_STRIP = NO;
				DEBUG_INFORMATION_FORMAT = dwarf;
				ENABLE_STRICT_OBJC_MSGSEND = YES;
				ENABLE_TESTABILITY = YES;
				GCC_C_LANGUAGE_STANDARD = gnu11;
				GCC_DYNAMIC_NO_PIC = NO;
				GCC_NO_COMMON_BLOCKS = YES;
				GCC_OPTIMIZATION_LEVEL = 0;
				GCC_PREPROCESSOR_DEFINITIONS = (
					"DEBUG=1",
					"$(inherited)",
				);
				GCC_WARN_64_TO_32_BIT_CONVERSION = YES;
				GCC_WARN_ABOUT_RETURN_TYPE = YES_ERROR;
				GCC_WARN_UNDECLARED_SELECTOR = YES;
				GCC_WARN_UNINITIALIZED_AUTOS = YES_AGGRESSIVE;
				GCC_WARN_UNUSED_FUNCTION = YES;
				GCC_WARN_UNUSED_VARIABLE = YES;
				MACOSX_DEPLOYMENT_TARGET = 10.14;
				MTL_ENABLE_DEBUG_INFO = INCLUDE_SOURCE;
				MTL_FAST_MATH = YES;
				ONLY_ACTIVE_ARCH = YES;
				SDKROOT = macosx;
				SWIFT_ACTIVE_COMPILATION_CONDITIONS = DEBUG;
				SWIFT_OPTIMIZATION_LEVEL = "-Onone";
			};
			name = Debug;
		};
		0430002B22F5131B00A54D6E /* Release */ = {
			isa = XCBuildConfiguration;
			buildSettings = {
				ALWAYS_SEARCH_USER_PATHS = NO;
				CLANG_ANALYZER_NONNULL = YES;
				CLANG_ANALYZER_NUMBER_OBJECT_CONVERSION = YES_AGGRESSIVE;
				CLANG_CXX_LANGUAGE_STANDARD = "gnu++14";
				CLANG_CXX_LIBRARY = "libc++";
				CLANG_ENABLE_MODULES = YES;
				CLANG_ENABLE_OBJC_ARC = YES;
				CLANG_ENABLE_OBJC_WEAK = YES;
				CLANG_WARN_BLOCK_CAPTURE_AUTORELEASING = YES;
				CLANG_WARN_BOOL_CONVERSION = YES;
				CLANG_WARN_COMMA = YES;
				CLANG_WARN_CONSTANT_CONVERSION = YES;
				CLANG_WARN_DEPRECATED_OBJC_IMPLEMENTATIONS = YES;
				CLANG_WARN_DIRECT_OBJC_ISA_USAGE = YES_ERROR;
				CLANG_WARN_DOCUMENTATION_COMMENTS = YES;
				CLANG_WARN_EMPTY_BODY = YES;
				CLANG_WARN_ENUM_CONVERSION = YES;
				CLANG_WARN_INFINITE_RECURSION = YES;
				CLANG_WARN_INT_CONVERSION = YES;
				CLANG_WARN_NON_LITERAL_NULL_CONVERSION = YES;
				CLANG_WARN_OBJC_IMPLICIT_RETAIN_SELF = YES;
				CLANG_WARN_OBJC_LITERAL_CONVERSION = YES;
				CLANG_WARN_OBJC_ROOT_CLASS = YES_ERROR;
				CLANG_WARN_RANGE_LOOP_ANALYSIS = YES;
				CLANG_WARN_STRICT_PROTOTYPES = YES;
				CLANG_WARN_SUSPICIOUS_MOVE = YES;
				CLANG_WARN_UNGUARDED_AVAILABILITY = YES_AGGRESSIVE;
				CLANG_WARN_UNREACHABLE_CODE = YES;
				CLANG_WARN__DUPLICATE_METHOD_MATCH = YES;
				CODE_SIGN_IDENTITY = "Mac Developer";
				COPY_PHASE_STRIP = NO;
				DEBUG_INFORMATION_FORMAT = "dwarf-with-dsym";
				ENABLE_NS_ASSERTIONS = NO;
				ENABLE_STRICT_OBJC_MSGSEND = YES;
				GCC_C_LANGUAGE_STANDARD = gnu11;
				GCC_NO_COMMON_BLOCKS = YES;
				GCC_WARN_64_TO_32_BIT_CONVERSION = YES;
				GCC_WARN_ABOUT_RETURN_TYPE = YES_ERROR;
				GCC_WARN_UNDECLARED_SELECTOR = YES;
				GCC_WARN_UNINITIALIZED_AUTOS = YES_AGGRESSIVE;
				GCC_WARN_UNUSED_FUNCTION = YES;
				GCC_WARN_UNUSED_VARIABLE = YES;
				MACOSX_DEPLOYMENT_TARGET = 10.14;
				MTL_ENABLE_DEBUG_INFO = NO;
				MTL_FAST_MATH = YES;
				SDKROOT = macosx;
				SWIFT_COMPILATION_MODE = wholemodule;
				SWIFT_OPTIMIZATION_LEVEL = "-O";
			};
			name = Release;
		};
		0430002D22F5131B00A54D6E /* Debug */ = {
			isa = XCBuildConfiguration;
			buildSettings = {
				ASSETCATALOG_COMPILER_APPICON_NAME = AppIcon;
				CLANG_USE_OPTIMIZATION_PROFILE = YES;
				CODE_SIGN_ENTITLEMENTS = "Imprimerie/Supporting Files/Imprimerie.entitlements";
				CODE_SIGN_STYLE = Automatic;
				COMBINE_HIDPI_IMAGES = YES;
				DEVELOPMENT_TEAM = UCE73LLT8L;
				INFOPLIST_FILE = "$(SRCROOT)/Imprimerie/Supporting Files/Info.plist";
				LD_RUNPATH_SEARCH_PATHS = (
					"$(inherited)",
					"@executable_path/../Frameworks",
				);
				PRODUCT_BUNDLE_IDENTIFIER = com.akiten.Imprimerie;
				PRODUCT_NAME = "$(TARGET_NAME)";
				SWIFT_VERSION = 5.0;
			};
			name = Debug;
		};
		0430002E22F5131B00A54D6E /* Release */ = {
			isa = XCBuildConfiguration;
			buildSettings = {
				ASSETCATALOG_COMPILER_APPICON_NAME = AppIcon;
				CLANG_USE_OPTIMIZATION_PROFILE = YES;
				CODE_SIGN_ENTITLEMENTS = "Imprimerie/Supporting Files/Imprimerie.entitlements";
				CODE_SIGN_STYLE = Automatic;
				COMBINE_HIDPI_IMAGES = YES;
				DEVELOPMENT_TEAM = UCE73LLT8L;
				INFOPLIST_FILE = "$(SRCROOT)/Imprimerie/Supporting Files/Info.plist";
				LD_RUNPATH_SEARCH_PATHS = (
					"$(inherited)",
					"@executable_path/../Frameworks",
				);
				PRODUCT_BUNDLE_IDENTIFIER = com.akiten.Imprimerie;
				PRODUCT_NAME = "$(TARGET_NAME)";
				SWIFT_VERSION = 5.0;
			};
			name = Release;
		};
/* End XCBuildConfiguration section */

/* Begin XCConfigurationList section */
		0430001422F5131A00A54D6E /* Build configuration list for PBXProject "Imprimerie" */ = {
			isa = XCConfigurationList;
			buildConfigurations = (
				0430002A22F5131B00A54D6E /* Debug */,
				0430002B22F5131B00A54D6E /* Release */,
			);
			defaultConfigurationIsVisible = 0;
			defaultConfigurationName = Release;
		};
		0430002C22F5131B00A54D6E /* Build configuration list for PBXNativeTarget "Imprimerie" */ = {
			isa = XCConfigurationList;
			buildConfigurations = (
				0430002D22F5131B00A54D6E /* Debug */,
				0430002E22F5131B00A54D6E /* Release */,
			);
			defaultConfigurationIsVisible = 0;
			defaultConfigurationName = Release;
		};
/* End XCConfigurationList section */

/* Begin XCVersionGroup section */
		04B7E27D22F6A69B005870FF /* Imprimerie.xcdatamodeld */ = {
			isa = XCVersionGroup;
			children = (
				04B7E27E22F6A69B005870FF /* Imprimerie.xcdatamodel */,
			);
			currentVersion = 04B7E27E22F6A69B005870FF /* Imprimerie.xcdatamodel */;
			path = Imprimerie.xcdatamodeld;
			sourceTree = "<group>";
			versionGroupType = wrapper.xcdatamodel;
		};
/* End XCVersionGroup section */
	};
	rootObject = 0430001122F5131A00A54D6E /* Project object */;
}
